{
	"name": "inlang",
	"version": "0.0.0",
	"lockfileVersion": 2,
	"requires": true,
	"packages": {
		"": {
			"workspaces": [
				"apps/*",
				"packages/*"
			],
			"devDependencies": {
				"typescript": "^4.8.2"
			},
			"engines": {
				"node": ">=18.0.0",
				"npm": ">=8.0.0"
			}
		},
		"node_modules/@inlang/ast": {
			"resolved": "packages/ast",
			"link": true
		},
		"node_modules/@inlang/config": {
			"resolved": "packages/config",
			"link": true
		},
		"node_modules/@inlang/source-code-configs": {
			"resolved": "packages/source-code-configs",
			"link": true
		},
		"node_modules/typescript": {
			"version": "4.8.2",
			"resolved": "https://registry.npmjs.org/typescript/-/typescript-4.8.2.tgz",
			"integrity": "sha512-C0I1UsrrDHo2fYI5oaCGbSejwX4ch+9Y5jTQELvovfmFkK3HHSZJB8MSJcWLmCUBzQBchCrZ9rMRV6GuNrvGtw==",
			"dev": true,
			"bin": {
				"tsc": "bin/tsc",
				"tsserver": "bin/tsserver"
			},
			"engines": {
				"node": ">=4.2.0"
			}
		},
		"packages/ast": {
			"name": "@inlang/ast",
			"version": "1.0.0"
		},
		"packages/config": {
			"name": "@inlang/config",
			"version": "1.0.0",
			"dependencies": {
				"@inlang/ast": "*"
			}
		},
		"packages/source-code-configs": {
			"name": "@inlang/source-code-configs"
		}
	},
	"dependencies": {
		"@inlang/ast": {
			"version": "file:packages/ast"
		},
		"@inlang/config": {
			"version": "file:packages/config",
			"requires": {
				"@inlang/ast": "*"
			}
		},
		"@inlang/source-code-configs": {
			"version": "file:packages/source-code-configs"
		},
		"typescript": {
			"version": "4.8.2",
			"resolved": "https://registry.npmjs.org/typescript/-/typescript-4.8.2.tgz",
			"integrity": "sha512-C0I1UsrrDHo2fYI5oaCGbSejwX4ch+9Y5jTQELvovfmFkK3HHSZJB8MSJcWLmCUBzQBchCrZ9rMRV6GuNrvGtw==",
			"dev": true
		}
	}
}
